
Microsoft Visual Studio Solution File, Format Version 12.00
# Visual Studio Version 17
VisualStudioVersion = 17.7.34202.233
MinimumVisualStudioVersion = 10.0.40219.1
Project("{8BC9CEB8-8B4A-11D0-8D11-00A0C91BC942}") = "books", "books\books.vcxproj", "{06CB72B2-9381-4F46-90C2-0E8598AE89E8}"
EndProject
Global
	GlobalSection(SolutionConfigurationPlatforms) = preSolution
		Debug|x64 = Debug|x64
		Debug|x86 = Debug|x86
		Release|x64 = Release|x64
		Release|x86 = Release|x86
	EndGlobalSection
	GlobalSection(ProjectConfigurationPlatforms) = postSolution
		{06CB72B2-9381-4F46-90C2-0E8598AE89E8}.Debug|x64.ActiveCfg = Debug|x64
		{06CB72B2-9381-4F46-90C2-0E8598AE89E8}.Debug|x64.Build.0 = Debug|x64
		{06CB72B2-9381-4F46-90C2-0E8598AE89E8}.Debug|x86.ActiveCfg = Debug|Win32
		{06CB72B2-9381-4F46-90C2-0E8598AE89E8}.Debug|x86.Build.0 = Debug|Win32
		{06CB72B2-9381-4F46-90C2-0E8598AE89E8}.Release|x64.ActiveCfg = Release|x64
		{06CB72B2-9381-4F46-90C2-0E8598AE89E8}.Release|x64.Build.0 = Release|x64
		{06CB72B2-9381-4F46-90C2-0E8598AE89E8}.Release|x86.ActiveCfg = Release|Win32
		{06CB72B2-9381-4F46-90C2-0E8598AE89E8}.Release|x86.Build.0 = Release|Win32
	EndGlobalSection
	GlobalSection(SolutionProperties) = preSolution
		HideSolutionNode = FALSE
	EndGlobalSection
	GlobalSection(ExtensibilityGlobals) = postSolution
		SolutionGuid = {34E8584B-3846-41BB-A606-8D3BD0AD06E0}
	EndGlobalSection
EndGlobal
