
Microsoft Visual Studio Solution File, Format Version 12.00
# Visual Studio Version 17
VisualStudioVersion = 17.9.34622.214
MinimumVisualStudioVersion = 10.0.40219.1
Project("{8BC9CEB8-8B4A-11D0-8D11-00A0C91BC942}") = "foreach", "foreach\foreach.vcxproj", "{0AFD1BBE-9EF6-4362-B6E2-60C9ACF103E0}"
EndProject
Global
	GlobalSection(SolutionConfigurationPlatforms) = preSolution
		Debug|x64 = Debug|x64
		Debug|x86 = Debug|x86
		Release|x64 = Release|x64
		Release|x86 = Release|x86
	EndGlobalSection
	GlobalSection(ProjectConfigurationPlatforms) = postSolution
		{0AFD1BBE-9EF6-4362-B6E2-60C9ACF103E0}.Debug|x64.ActiveCfg = Debug|x64
		{0AFD1BBE-9EF6-4362-B6E2-60C9ACF103E0}.Debug|x64.Build.0 = Debug|x64
		{0AFD1BBE-9EF6-4362-B6E2-60C9ACF103E0}.Debug|x86.ActiveCfg = Debug|Win32
		{0AFD1BBE-9EF6-4362-B6E2-60C9ACF103E0}.Debug|x86.Build.0 = Debug|Win32
		{0AFD1BBE-9EF6-4362-B6E2-60C9ACF103E0}.Release|x64.ActiveCfg = Release|x64
		{0AFD1BBE-9EF6-4362-B6E2-60C9ACF103E0}.Release|x64.Build.0 = Release|x64
		{0AFD1BBE-9EF6-4362-B6E2-60C9ACF103E0}.Release|x86.ActiveCfg = Release|Win32
		{0AFD1BBE-9EF6-4362-B6E2-60C9ACF103E0}.Release|x86.Build.0 = Release|Win32
	EndGlobalSection
	GlobalSection(SolutionProperties) = preSolution
		HideSolutionNode = FALSE
	EndGlobalSection
	GlobalSection(ExtensibilityGlobals) = postSolution
		SolutionGuid = {8276D0B3-4504-4014-9B50-F0FB2DB5F423}
	EndGlobalSection
EndGlobal
